// !$*UTF8*$!
{
	archiveVersion = 1;
	classes = {
	};
	objectVersion = 56;
	objects = {

/* Begin PBXBuildFile section */
		044D151F2AEB7552003A05C9 /* AppDelegate.swift in Sources */ = {isa = PBXBuildFile; fileRef = 044D151E2AEB7552003A05C9 /* AppDelegate.swift */; };
		044D15212AEB7552003A05C9 /* SceneDelegate.swift in Sources */ = {isa = PBXBuildFile; fileRef = 044D15202AEB7552003A05C9 /* SceneDelegate.swift */; };
		044D15232AEB7552003A05C9 /* ViewController.swift in Sources */ = {isa = PBXBuildFile; fileRef = 044D15222AEB7552003A05C9 /* ViewController.swift */; };
		044D15262AEB7552003A05C9 /* Main.storyboard in Resources */ = {isa = PBXBuildFile; fileRef = 044D15242AEB7552003A05C9 /* Main.storyboard */; };
		044D15282AEB7554003A05C9 /* Assets.xcassets in Resources */ = {isa = PBXBuildFile; fileRef = 044D15272AEB7554003A05C9 /* Assets.xcassets */; };
		044D152B2AEB7554003A05C9 /* LaunchScreen.storyboard in Resources */ = {isa = PBXBuildFile; fileRef = 044D15292AEB7554003A05C9 /* LaunchScreen.storyboard */; };
		044D15362AEB7555003A05C9 /* CVInsideCVTests.swift in Sources */ = {isa = PBXBuildFile; fileRef = 044D15352AEB7555003A05C9 /* CVInsideCVTests.swift */; };
		044D15402AEB7555003A05C9 /* CVInsideCVUITests.swift in Sources */ = {isa = PBXBuildFile; fileRef = 044D153F2AEB7555003A05C9 /* CVInsideCVUITests.swift */; };
		044D15422AEB7555003A05C9 /* CVInsideCVUITestsLaunchTests.swift in Sources */ = {isa = PBXBuildFile; fileRef = 044D15412AEB7555003A05C9 /* CVInsideCVUITestsLaunchTests.swift */; };
		044D154F2AEB776E003A05C9 /* MyCollectionViewCell1.swift in Sources */ = {isa = PBXBuildFile; fileRef = 044D154E2AEB776E003A05C9 /* MyCollectionViewCell1.swift */; };
		044D15512AEB7973003A05C9 /* MyCollectionViewCell2.swift in Sources */ = {isa = PBXBuildFile; fileRef = 044D15502AEB7973003A05C9 /* MyCollectionViewCell2.swift */; };
		044D15532AEB7F5E003A05C9 /* EntertainmentApp.swift in Sources */ = {isa = PBXBuildFile; fileRef = 044D15522AEB7F5E003A05C9 /* EntertainmentApp.swift */; };
/* End PBXBuildFile section */

/* Begin PBXContainerItemProxy section */
		044D15322AEB7555003A05C9 /* PBXContainerItemProxy */ = {
			isa = PBXContainerItemProxy;
			containerPortal = 044D15132AEB7551003A05C9 /* Project object */;
			proxyType = 1;
			remoteGlobalIDString = 044D151A2AEB7552003A05C9;
			remoteInfo = CVInsideCV;
		};
		044D153C2AEB7555003A05C9 /* PBXContainerItemProxy */ = {
			isa = PBXContainerItemProxy;
			containerPortal = 044D15132AEB7551003A05C9 /* Project object */;
			proxyType = 1;
			remoteGlobalIDString = 044D151A2AEB7552003A05C9;
			remoteInfo = CVInsideCV;
		};
/* End PBXContainerItemProxy section */

/* Begin PBXFileReference section */
		044D151B2AEB7552003A05C9 /* CVInsideCV.app */ = {isa = PBXFileReference; explicitFileType = wrapper.application; includeInIndex = 0; path = CVInsideCV.app; sourceTree = BUILT_PRODUCTS_DIR; };
		044D151E2AEB7552003A05C9 /* AppDelegate.swift */ = {isa = PBXFileReference; lastKnownFileType = sourcecode.swift; path = AppDelegate.swift; sourceTree = "<group>"; };
		044D15202AEB7552003A05C9 /* SceneDelegate.swift */ = {isa = PBXFileReference; lastKnownFileType = sourcecode.swift; path = SceneDelegate.swift; sourceTree = "<group>"; };
		044D15222AEB7552003A05C9 /* ViewController.swift */ = {isa = PBXFileReference; lastKnownFileType = sourcecode.swift; path = ViewController.swift; sourceTree = "<group>"; };
		044D15252AEB7552003A05C9 /* Base */ = {isa = PBXFileReference; lastKnownFileType = file.storyboard; name = Base; path = Base.lproj/Main.storyboard; sourceTree = "<group>"; };
		044D15272AEB7554003A05C9 /* Assets.xcassets */ = {isa = PBXFileReference; lastKnownFileType = folder.assetcatalog; path = Assets.xcassets; sourceTree = "<group>"; };
		044D152A2AEB7554003A05C9 /* Base */ = {isa = PBXFileReference; lastKnownFileType = file.storyboard; name = Base; path = Base.lproj/LaunchScreen.storyboard; sourceTree = "<group>"; };
		044D152C2AEB7554003A05C9 /* Info.plist */ = {isa = PBXFileReference; lastKnownFileType = text.plist.xml; path = Info.plist; sourceTree = "<group>"; };
		044D15312AEB7555003A05C9 /* CVInsideCVTests.xctest */ = {isa = PBXFileReference; explicitFileType = wrapper.cfbundle; includeInIndex = 0; path = CVInsideCVTests.xctest; sourceTree = BUILT_PRODUCTS_DIR; };
		044D15352AEB7555003A05C9 /* CVInsideCVTests.swift */ = {isa = PBXFileReference; lastKnownFileType = sourcecode.swift; path = CVInsideCVTests.swift; sourceTree = "<group>"; };
		044D153B2AEB7555003A05C9 /* CVInsideCVUITests.xctest */ = {isa = PBXFileReference; explicitFileType = wrapper.cfbundle; includeInIndex = 0; path = CVInsideCVUITests.xctest; sourceTree = BUILT_PRODUCTS_DIR; };
		044D153F2AEB7555003A05C9 /* CVInsideCVUITests.swift */ = {isa = PBXFileReference; lastKnownFileType = sourcecode.swift; path = CVInsideCVUITests.swift; sourceTree = "<group>"; };
		044D15412AEB7555003A05C9 /* CVInsideCVUITestsLaunchTests.swift */ = {isa = PBXFileReference; lastKnownFileType = sourcecode.swift; path = CVInsideCVUITestsLaunchTests.swift; sourceTree = "<group>"; };
		044D154E2AEB776E003A05C9 /* MyCollectionViewCell1.swift */ = {isa = PBXFileReference; lastKnownFileType = sourcecode.swift; path = MyCollectionViewCell1.swift; sourceTree = "<group>"; };
		044D15502AEB7973003A05C9 /* MyCollectionViewCell2.swift */ = {isa = PBXFileReference; lastKnownFileType = sourcecode.swift; path = MyCollectionViewCell2.swift; sourceTree = "<group>"; };
		044D15522AEB7F5E003A05C9 /* EntertainmentApp.swift */ = {isa = PBXFileReference; lastKnownFileType = sourcecode.swift; path = EntertainmentApp.swift; sourceTree = "<group>"; };
/* End PBXFileReference section */

/* Begin PBXFrameworksBuildPhase section */
		044D15182AEB7552003A05C9 /* Frameworks */ = {
			isa = PBXFrameworksBuildPhase;
			buildActionMask = 2147483647;
			files = (
			);
			runOnlyForDeploymentPostprocessing = 0;
		};
		044D152E2AEB7555003A05C9 /* Frameworks */ = {
			isa = PBXFrameworksBuildPhase;
			buildActionMask = 2147483647;
			files = (
			);
			runOnlyForDeploymentPostprocessing = 0;
		};
		044D15382AEB7555003A05C9 /* Frameworks */ = {
			isa = PBXFrameworksBuildPhase;
			buildActionMask = 2147483647;
			files = (
			);
			runOnlyForDeploymentPostprocessing = 0;
		};
/* End PBXFrameworksBuildPhase section */

/* Begin PBXGroup section */
		044D15122AEB7551003A05C9 = {
			isa = PBXGroup;
			children = (
				044D151D2AEB7552003A05C9 /* CVInsideCV */,
				044D15342AEB7555003A05C9 /* CVInsideCVTests */,
				044D153E2AEB7555003A05C9 /* CVInsideCVUITests */,
				044D151C2AEB7552003A05C9 /* Products */,
			);
			sourceTree = "<group>";
		};
		044D151C2AEB7552003A05C9 /* Products */ = {
			isa = PBXGroup;
			children = (
				044D151B2AEB7552003A05C9 /* CVInsideCV.app */,
				044D15312AEB7555003A05C9 /* CVInsideCVTests.xctest */,
				044D153B2AEB7555003A05C9 /* CVInsideCVUITests.xctest */,
			);
			name = Products;
			sourceTree = "<group>";
		};
		044D151D2AEB7552003A05C9 /* CVInsideCV */ = {
			isa = PBXGroup;
			children = (
				044D151E2AEB7552003A05C9 /* AppDelegate.swift */,
				044D15202AEB7552003A05C9 /* SceneDelegate.swift */,
				044D15222AEB7552003A05C9 /* ViewController.swift */,
				044D15242AEB7552003A05C9 /* Main.storyboard */,
				044D15522AEB7F5E003A05C9 /* EntertainmentApp.swift */,
				044D15502AEB7973003A05C9 /* MyCollectionViewCell2.swift */,
				044D154E2AEB776E003A05C9 /* MyCollectionViewCell1.swift */,
				044D15272AEB7554003A05C9 /* Assets.xcassets */,
				044D15292AEB7554003A05C9 /* LaunchScreen.storyboard */,
				044D152C2AEB7554003A05C9 /* Info.plist */,
			);
			path = CVInsideCV;
			sourceTree = "<group>";
		};
		044D15342AEB7555003A05C9 /* CVInsideCVTests */ = {
			isa = PBXGroup;
			children = (
				044D15352AEB7555003A05C9 /* CVInsideCVTests.swift */,
			);
			path = CVInsideCVTests;
			sourceTree = "<group>";
		};
		044D153E2AEB7555003A05C9 /* CVInsideCVUITests */ = {
			isa = PBXGroup;
			children = (
				044D153F2AEB7555003A05C9 /* CVInsideCVUITests.swift */,
				044D15412AEB7555003A05C9 /* CVInsideCVUITestsLaunchTests.swift */,
			);
			path = CVInsideCVUITests;
			sourceTree = "<group>";
		};
/* End PBXGroup section */

/* Begin PBXNativeTarget section */
		044D151A2AEB7552003A05C9 /* CVInsideCV */ = {
			isa = PBXNativeTarget;
			buildConfigurationList = 044D15452AEB7555003A05C9 /* Build configuration list for PBXNativeTarget "CVInsideCV" */;
			buildPhases = (
				044D15172AEB7552003A05C9 /* Sources */,
				044D15182AEB7552003A05C9 /* Frameworks */,
				044D15192AEB7552003A05C9 /* Resources */,
			);
			buildRules = (
			);
			dependencies = (
			);
			name = CVInsideCV;
			productName = CVInsideCV;
			productReference = 044D151B2AEB7552003A05C9 /* CVInsideCV.app */;
			productType = "com.apple.product-type.application";
		};
		044D15302AEB7555003A05C9 /* CVInsideCVTests */ = {
			isa = PBXNativeTarget;
			buildConfigurationList = 044D15482AEB7555003A05C9 /* Build configuration list for PBXNativeTarget "CVInsideCVTests" */;
			buildPhases = (
				044D152D2AEB7555003A05C9 /* Sources */,
				044D152E2AEB7555003A05C9 /* Frameworks */,
				044D152F2AEB7555003A05C9 /* Resources */,
			);
			buildRules = (
			);
			dependencies = (
				044D15332AEB7555003A05C9 /* PBXTargetDependency */,
			);
			name = CVInsideCVTests;
			productName = CVInsideCVTests;
			productReference = 044D15312AEB7555003A05C9 /* CVInsideCVTests.xctest */;
			productType = "com.apple.product-type.bundle.unit-test";
		};
		044D153A2AEB7555003A05C9 /* CVInsideCVUITests */ = {
			isa = PBXNativeTarget;
			buildConfigurationList = 044D154B2AEB7555003A05C9 /* Build configuration list for PBXNativeTarget "CVInsideCVUITests" */;
			buildPhases = (
				044D15372AEB7555003A05C9 /* Sources */,
				044D15382AEB7555003A05C9 /* Frameworks */,
				044D15392AEB7555003A05C9 /* Resources */,
			);
			buildRules = (
			);
			dependencies = (
				044D153D2AEB7555003A05C9 /* PBXTargetDependency */,
			);
			name = CVInsideCVUITests;
			productName = CVInsideCVUITests;
			productReference = 044D153B2AEB7555003A05C9 /* CVInsideCVUITests.xctest */;
			productType = "com.apple.product-type.bundle.ui-testing";
		};
/* End PBXNativeTarget section */

/* Begin PBXProject section */
		044D15132AEB7551003A05C9 /* Project object */ = {
			isa = PBXProject;
			attributes = {
				BuildIndependentTargetsInParallel = 1;
				LastSwiftUpdateCheck = 1420;
				LastUpgradeCheck = 1420;
				TargetAttributes = {
					044D151A2AEB7552003A05C9 = {
						CreatedOnToolsVersion = 14.2;
					};
					044D15302AEB7555003A05C9 = {
						CreatedOnToolsVersion = 14.2;
						TestTargetID = 044D151A2AEB7552003A05C9;
					};
					044D153A2AEB7555003A05C9 = {
						CreatedOnToolsVersion = 14.2;
						TestTargetID = 044D151A2AEB7552003A05C9;
					};
				};
			};
			buildConfigurationList = 044D15162AEB7551003A05C9 /* Build configuration list for PBXProject "CVInsideCV" */;
			compatibilityVersion = "Xcode 14.0";
			developmentRegion = en;
			hasScannedForEncodings = 0;
			knownRegions = (
				en,
				Base,
			);
			mainGroup = 044D15122AEB7551003A05C9;
			productRefGroup = 044D151C2AEB7552003A05C9 /* Products */;
			projectDirPath = "";
			projectRoot = "";
			targets = (
				044D151A2AEB7552003A05C9 /* CVInsideCV */,
				044D15302AEB7555003A05C9 /* CVInsideCVTests */,
				044D153A2AEB7555003A05C9 /* CVInsideCVUITests */,
			);
		};
/* End PBXProject section */

/* Begin PBXResourcesBuildPhase section */
		044D15192AEB7552003A05C9 /* Resources */ = {
			isa = PBXResourcesBuildPhase;
			buildActionMask = 2147483647;
			files = (
				044D152B2AEB7554003A05C9 /* LaunchScreen.storyboard in Resources */,
				044D15282AEB7554003A05C9 /* Assets.xcassets in Resources */,
				044D15262AEB7552003A05C9 /* Main.storyboard in Resources */,
			);
			runOnlyForDeploymentPostprocessing = 0;
		};
		044D152F2AEB7555003A05C9 /* Resources */ = {
			isa = PBXResourcesBuildPhase;
			buildActionMask = 2147483647;
			files = (
			);
			runOnlyForDeploymentPostprocessing = 0;
		};
		044D15392AEB7555003A05C9 /* Resources */ = {
			isa = PBXResourcesBuildPhase;
			buildActionMask = 2147483647;
			files = (
			);
			runOnlyForDeploymentPostprocessing = 0;
		};
/* End PBXResourcesBuildPhase section */

/* Begin PBXSourcesBuildPhase section */
		044D15172AEB7552003A05C9 /* Sources */ = {
			isa = PBXSourcesBuildPhase;
			buildActionMask = 2147483647;
			files = (
				044D15512AEB7973003A05C9 /* MyCollectionViewCell2.swift in Sources */,
				044D154F2AEB776E003A05C9 /* MyCollectionViewCell1.swift in Sources */,
				044D15232AEB7552003A05C9 /* ViewController.swift in Sources */,
				044D151F2AEB7552003A05C9 /* AppDelegate.swift in Sources */,
				044D15532AEB7F5E003A05C9 /* EntertainmentApp.swift in Sources */,
				044D15212AEB7552003A05C9 /* SceneDelegate.swift in Sources */,
			);
			runOnlyForDeploymentPostprocessing = 0;
		};
		044D152D2AEB7555003A05C9 /* Sources */ = {
			isa = PBXSourcesBuildPhase;
			buildActionMask = 2147483647;
			files = (
				044D15362AEB7555003A05C9 /* CVInsideCVTests.swift in Sources */,
			);
			runOnlyForDeploymentPostprocessing = 0;
		};
		044D15372AEB7555003A05C9 /* Sources */ = {
			isa = PBXSourcesBuildPhase;
			buildActionMask = 2147483647;
			files = (
				044D15422AEB7555003A05C9 /* CVInsideCVUITestsLaunchTests.swift in Sources */,
				044D15402AEB7555003A05C9 /* CVInsideCVUITests.swift in Sources */,
			);
			runOnlyForDeploymentPostprocessing = 0;
		};
/* End PBXSourcesBuildPhase section */

/* Begin PBXTargetDependency section */
		044D15332AEB7555003A05C9 /* PBXTargetDependency */ = {
			isa = PBXTargetDependency;
			target = 044D151A2AEB7552003A05C9 /* CVInsideCV */;
			targetProxy = 044D15322AEB7555003A05C9 /* PBXContainerItemProxy */;
		};
		044D153D2AEB7555003A05C9 /* PBXTargetDependency */ = {
			isa = PBXTargetDependency;
			target = 044D151A2AEB7552003A05C9 /* CVInsideCV */;
			targetProxy = 044D153C2AEB7555003A05C9 /* PBXContainerItemProxy */;
		};
/* End PBXTargetDependency section */

/* Begin PBXVariantGroup section */
		044D15242AEB7552003A05C9 /* Main.storyboard */ = {
			isa = PBXVariantGroup;
			children = (
				044D15252AEB7552003A05C9 /* Base */,
			);
			name = Main.storyboard;
			sourceTree = "<group>";
		};
		044D15292AEB7554003A05C9 /* LaunchScreen.storyboard */ = {
			isa = PBXVariantGroup;
			children = (
				044D152A2AEB7554003A05C9 /* Base */,
			);
			name = LaunchScreen.storyboard;
			sourceTree = "<group>";
		};
/* End PBXVariantGroup section */

/* Begin XCBuildConfiguration section */
		044D15432AEB7555003A05C9 /* Debug */ = {
			isa = XCBuildConfiguration;
			buildSettings = {
				ALWAYS_SEARCH_USER_PATHS = NO;
				CLANG_ANALYZER_NONNULL = YES;
				CLANG_ANALYZER_NUMBER_OBJECT_CONVERSION = YES_AGGRESSIVE;
				CLANG_CXX_LANGUAGE_STANDARD = "gnu++20";
				CLANG_ENABLE_MODULES = YES;
				CLANG_ENABLE_OBJC_ARC = YES;
				CLANG_ENABLE_OBJC_WEAK = YES;
				CLANG_WARN_BLOCK_CAPTURE_AUTORELEASING = YES;
				CLANG_WARN_BOOL_CONVERSION = YES;
				CLANG_WARN_COMMA = YES;
				CLANG_WARN_CONSTANT_CONVERSION = YES;
				CLANG_WARN_DEPRECATED_OBJC_IMPLEMENTATIONS = YES;
				CLANG_WARN_DIRECT_OBJC_ISA_USAGE = YES_ERROR;
				CLANG_WARN_DOCUMENTATION_COMMENTS = YES;
				CLANG_WARN_EMPTY_BODY = YES;
				CLANG_WARN_ENUM_CONVERSION = YES;
				CLANG_WARN_INFINITE_RECURSION = YES;
				CLANG_WARN_INT_CONVERSION = YES;
				CLANG_WARN_NON_LITERAL_NULL_CONVERSION = YES;
				CLANG_WARN_OBJC_IMPLICIT_RETAIN_SELF = YES;
				CLANG_WARN_OBJC_LITERAL_CONVERSION = YES;
				CLANG_WARN_OBJC_ROOT_CLASS = YES_ERROR;
				CLANG_WARN_QUOTED_INCLUDE_IN_FRAMEWORK_HEADER = YES;
				CLANG_WARN_RANGE_LOOP_ANALYSIS = YES;
				CLANG_WARN_STRICT_PROTOTYPES = YES;
				CLANG_WARN_SUSPICIOUS_MOVE = YES;
				CLANG_WARN_UNGUARDED_AVAILABILITY = YES_AGGRESSIVE;
				CLANG_WARN_UNREACHABLE_CODE = YES;
				CLANG_WARN__DUPLICATE_METHOD_MATCH = YES;
				COPY_PHASE_STRIP = NO;
				DEBUG_INFORMATION_FORMAT = dwarf;
				ENABLE_STRICT_OBJC_MSGSEND = YES;
				ENABLE_TESTABILITY = YES;
				GCC_C_LANGUAGE_STANDARD = gnu11;
				GCC_DYNAMIC_NO_PIC = NO;
				GCC_NO_COMMON_BLOCKS = YES;
				GCC_OPTIMIZATION_LEVEL = 0;
				GCC_PREPROCESSOR_DEFINITIONS = (
					"DEBUG=1",
					"$(inherited)",
				);
				GCC_WARN_64_TO_32_BIT_CONVERSION = YES;
				GCC_WARN_ABOUT_RETURN_TYPE = YES_ERROR;
				GCC_WARN_UNDECLARED_SELECTOR = YES;
				GCC_WARN_UNINITIALIZED_AUTOS = YES_AGGRESSIVE;
				GCC_WARN_UNUSED_FUNCTION = YES;
				GCC_WARN_UNUSED_VARIABLE = YES;
				IPHONEOS_DEPLOYMENT_TARGET = 16.2;
				MTL_ENABLE_DEBUG_INFO = INCLUDE_SOURCE;
				MTL_FAST_MATH = YES;
				ONLY_ACTIVE_ARCH = YES;
				SDKROOT = iphoneos;
				SWIFT_ACTIVE_COMPILATION_CONDITIONS = DEBUG;
				SWIFT_OPTIMIZATION_LEVEL = "-Onone";
			};
			name = Debug;
		};
		044D15442AEB7555003A05C9 /* Release */ = {
			isa = XCBuildConfiguration;
			buildSettings = {
				ALWAYS_SEARCH_USER_PATHS = NO;
				CLANG_ANALYZER_NONNULL = YES;
				CLANG_ANALYZER_NUMBER_OBJECT_CONVERSION = YES_AGGRESSIVE;
				CLANG_CXX_LANGUAGE_STANDARD = "gnu++20";
				CLANG_ENABLE_MODULES = YES;
				CLANG_ENABLE_OBJC_ARC = YES;
				CLANG_ENABLE_OBJC_WEAK = YES;
				CLANG_WARN_BLOCK_CAPTURE_AUTORELEASING = YES;
				CLANG_WARN_BOOL_CONVERSION = YES;
				CLANG_WARN_COMMA = YES;
				CLANG_WARN_CONSTANT_CONVERSION = YES;
				CLANG_WARN_DEPRECATED_OBJC_IMPLEMENTATIONS = YES;
				CLANG_WARN_DIRECT_OBJC_ISA_USAGE = YES_ERROR;
				CLANG_WARN_DOCUMENTATION_COMMENTS = YES;
				CLANG_WARN_EMPTY_BODY = YES;
				CLANG_WARN_ENUM_CONVERSION = YES;
				CLANG_WARN_INFINITE_RECURSION = YES;
				CLANG_WARN_INT_CONVERSION = YES;
				CLANG_WARN_NON_LITERAL_NULL_CONVERSION = YES;
				CLANG_WARN_OBJC_IMPLICIT_RETAIN_SELF = YES;
				CLANG_WARN_OBJC_LITERAL_CONVERSION = YES;
				CLANG_WARN_OBJC_ROOT_CLASS = YES_ERROR;
				CLANG_WARN_QUOTED_INCLUDE_IN_FRAMEWORK_HEADER = YES;
				CLANG_WARN_RANGE_LOOP_ANALYSIS = YES;
				CLANG_WARN_STRICT_PROTOTYPES = YES;
				CLANG_WARN_SUSPICIOUS_MOVE = YES;
				CLANG_WARN_UNGUARDED_AVAILABILITY = YES_AGGRESSIVE;
				CLANG_WARN_UNREACHABLE_CODE = YES;
				CLANG_WARN__DUPLICATE_METHOD_MATCH = YES;
				COPY_PHASE_STRIP = NO;
				DEBUG_INFORMATION_FORMAT = "dwarf-with-dsym";
				ENABLE_NS_ASSERTIONS = NO;
				ENABLE_STRICT_OBJC_MSGSEND = YES;
				GCC_C_LANGUAGE_STANDARD = gnu11;
				GCC_NO_COMMON_BLOCKS = YES;
				GCC_WARN_64_TO_32_BIT_CONVERSION = YES;
				GCC_WARN_ABOUT_RETURN_TYPE = YES_ERROR;
				GCC_WARN_UNDECLARED_SELECTOR = YES;
				GCC_WARN_UNINITIALIZED_AUTOS = YES_AGGRESSIVE;
				GCC_WARN_UNUSED_FUNCTION = YES;
				GCC_WARN_UNUSED_VARIABLE = YES;
				IPHONEOS_DEPLOYMENT_TARGET = 16.2;
				MTL_ENABLE_DEBUG_INFO = NO;
				MTL_FAST_MATH = YES;
				SDKROOT = iphoneos;
				SWIFT_COMPILATION_MODE = wholemodule;
				SWIFT_OPTIMIZATION_LEVEL = "-O";
				VALIDATE_PRODUCT = YES;
			};
			name = Release;
		};
		044D15462AEB7555003A05C9 /* Debug */ = {
			isa = XCBuildConfiguration;
			buildSettings = {
				ASSETCATALOG_COMPILER_APPICON_NAME = AppIcon;
				ASSETCATALOG_COMPILER_GLOBAL_ACCENT_COLOR_NAME = AccentColor;
				CODE_SIGN_STYLE = Automatic;
				CURRENT_PROJECT_VERSION = 1;
				GENERATE_INFOPLIST_FILE = YES;
				INFOPLIST_FILE = CVInsideCV/Info.plist;
				INFOPLIST_KEY_UIApplicationSupportsIndirectInputEvents = YES;
				INFOPLIST_KEY_UILaunchStoryboardName = LaunchScreen;
				INFOPLIST_KEY_UIMainStoryboardFile = Main;
				INFOPLIST_KEY_UISupportedInterfaceOrientations_iPad = "UIInterfaceOrientationPortrait UIInterfaceOrientationPortraitUpsideDown UIInterfaceOrientationLandscapeLeft UIInterfaceOrientationLandscapeRight";
				INFOPLIST_KEY_UISupportedInterfaceOrientations_iPhone = "UIInterfaceOrientationPortrait UIInterfaceOrientationLandscapeLeft UIInterfaceOrientationLandscapeRight";
				LD_RUNPATH_SEARCH_PATHS = (
					"$(inherited)",
					"@executable_path/Frameworks",
				);
				MARKETING_VERSION = 1.0;
				PRODUCT_BUNDLE_IDENTIFIER = com.sai.CVInsideCV;
				PRODUCT_NAME = "$(TARGET_NAME)";
				SWIFT_EMIT_LOC_STRINGS = YES;
				SWIFT_VERSION = 5.0;
				TARGETED_DEVICE_FAMILY = "1,2";
			};
			name = Debug;
		};
		044D15472AEB7555003A05C9 /* Release */ = {
			isa = XCBuildConfiguration;
			buildSettings = {
				ASSETCATALOG_COMPILER_APPICON_NAME = AppIcon;
				ASSETCATALOG_COMPILER_GLOBAL_ACCENT_COLOR_NAME = AccentColor;
				CODE_SIGN_STYLE = Automatic;
				CURRENT_PROJECT_VERSION = 1;
				GENERATE_INFOPLIST_FILE = YES;
				INFOPLIST_FILE = CVInsideCV/Info.plist;
				INFOPLIST_KEY_UIApplicationSupportsIndirectInputEvents = YES;
				INFOPLIST_KEY_UILaunchStoryboardName = LaunchScreen;
				INFOPLIST_KEY_UIMainStoryboardFile = Main;
				INFOPLIST_KEY_UISupportedInterfaceOrientations_iPad = "UIInterfaceOrientationPortrait UIInterfaceOrientationPortraitUpsideDown UIInterfaceOrientationLandscapeLeft UIInterfaceOrientationLandscapeRight";
				INFOPLIST_KEY_UISupportedInterfaceOrientations_iPhone = "UIInterfaceOrientationPortrait UIInterfaceOrientationLandscapeLeft UIInterfaceOrientationLandscapeRight";
				LD_RUNPATH_SEARCH_PATHS = (
					"$(inherited)",
					"@executable_path/Frameworks",
				);
				MARKETING_VERSION = 1.0;
				PRODUCT_BUNDLE_IDENTIFIER = com.sai.CVInsideCV;
				PRODUCT_NAME = "$(TARGET_NAME)";
				SWIFT_EMIT_LOC_STRINGS = YES;
				SWIFT_VERSION = 5.0;
				TARGETED_DEVICE_FAMILY = "1,2";
			};
			name = Release;
		};
		044D15492AEB7555003A05C9 /* Debug */ = {
			isa = XCBuildConfiguration;
			buildSettings = {
				ALWAYS_EMBED_SWIFT_STANDARD_LIBRARIES = YES;
				BUNDLE_LOADER = "$(TEST_HOST)";
				CODE_SIGN_STYLE = Automatic;
				CURRENT_PROJECT_VERSION = 1;
				GENERATE_INFOPLIST_FILE = YES;
				IPHONEOS_DEPLOYMENT_TARGET = 16.2;
				MARKETING_VERSION = 1.0;
				PRODUCT_BUNDLE_IDENTIFIER = com.sai.CVInsideCVTests;
				PRODUCT_NAME = "$(TARGET_NAME)";
				SWIFT_EMIT_LOC_STRINGS = NO;
				SWIFT_VERSION = 5.0;
				TARGETED_DEVICE_FAMILY = "1,2";
				TEST_HOST = "$(BUILT_PRODUCTS_DIR)/CVInsideCV.app/$(BUNDLE_EXECUTABLE_FOLDER_PATH)/CVInsideCV";
			};
			name = Debug;
		};
		044D154A2AEB7555003A05C9 /* Release */ = {
			isa = XCBuildConfiguration;
			buildSettings = {
				ALWAYS_EMBED_SWIFT_STANDARD_LIBRARIES = YES;
				BUNDLE_LOADER = "$(TEST_HOST)";
				CODE_SIGN_STYLE = Automatic;
				CURRENT_PROJECT_VERSION = 1;
				GENERATE_INFOPLIST_FILE = YES;
				IPHONEOS_DEPLOYMENT_TARGET = 16.2;
				MARKETING_VERSION = 1.0;
				PRODUCT_BUNDLE_IDENTIFIER = com.sai.CVInsideCVTests;
				PRODUCT_NAME = "$(TARGET_NAME)";
				SWIFT_EMIT_LOC_STRINGS = NO;
				SWIFT_VERSION = 5.0;
				TARGETED_DEVICE_FAMILY = "1,2";
				TEST_HOST = "$(BUILT_PRODUCTS_DIR)/CVInsideCV.app/$(BUNDLE_EXECUTABLE_FOLDER_PATH)/CVInsideCV";
			};
			name = Release;
		};
		044D154C2AEB7555003A05C9 /* Debug */ = {
			isa = XCBuildConfiguration;
			buildSettings = {
				ALWAYS_EMBED_SWIFT_STANDARD_LIBRARIES = YES;
				CODE_SIGN_STYLE = Automatic;
				CURRENT_PROJECT_VERSION = 1;
				GENERATE_INFOPLIST_FILE = YES;
				MARKETING_VERSION = 1.0;
				PRODUCT_BUNDLE_IDENTIFIER = com.sai.CVInsideCVUITests;
				PRODUCT_NAME = "$(TARGET_NAME)";
				SWIFT_EMIT_LOC_STRINGS = NO;
				SWIFT_VERSION = 5.0;
				TARGETED_DEVICE_FAMILY = "1,2";
				TEST_TARGET_NAME = CVInsideCV;
			};
			name = Debug;
		};
		044D154D2AEB7555003A05C9 /* Release */ = {
			isa = XCBuildConfiguration;
			buildSettings = {
				ALWAYS_EMBED_SWIFT_STANDARD_LIBRARIES = YES;
				CODE_SIGN_STYLE = Automatic;
				CURRENT_PROJECT_VERSION = 1;
				GENERATE_INFOPLIST_FILE = YES;
				MARKETING_VERSION = 1.0;
				PRODUCT_BUNDLE_IDENTIFIER = com.sai.CVInsideCVUITests;
				PRODUCT_NAME = "$(TARGET_NAME)";
				SWIFT_EMIT_LOC_STRINGS = NO;
				SWIFT_VERSION = 5.0;
				TARGETED_DEVICE_FAMILY = "1,2";
				TEST_TARGET_NAME = CVInsideCV;
			};
			name = Release;
		};
/* End XCBuildConfiguration section */

/* Begin XCConfigurationList section */
		044D15162AEB7551003A05C9 /* Build configuration list for PBXProject "CVInsideCV" */ = {
			isa = XCConfigurationList;
			buildConfigurations = (
				044D15432AEB7555003A05C9 /* Debug */,
				044D15442AEB7555003A05C9 /* Release */,
			);
			defaultConfigurationIsVisible = 0;
			defaultConfigurationName = Release;
		};
		044D15452AEB7555003A05C9 /* Build configuration list for PBXNativeTarget "CVInsideCV" */ = {
			isa = XCConfigurationList;
			buildConfigurations = (
				044D15462AEB7555003A05C9 /* Debug */,
				044D15472AEB7555003A05C9 /* Release */,
			);
			defaultConfigurationIsVisible = 0;
			defaultConfigurationName = Release;
		};
		044D15482AEB7555003A05C9 /* Build configuration list for PBXNativeTarget "CVInsideCVTests" */ = {
			isa = XCConfigurationList;
			buildConfigurations = (
				044D15492AEB7555003A05C9 /* Debug */,
				044D154A2AEB7555003A05C9 /* Release */,
			);
			defaultConfigurationIsVisible = 0;
			defaultConfigurationName = Release;
		};
		044D154B2AEB7555003A05C9 /* Build configuration list for PBXNativeTarget "CVInsideCVUITests" */ = {
			isa = XCConfigurationList;
			buildConfigurations = (
				044D154C2AEB7555003A05C9 /* Debug */,
				044D154D2AEB7555003A05C9 /* Release */,
			);
			defaultConfigurationIsVisible = 0;
			defaultConfigurationName = Release;
		};
/* End XCConfigurationList section */
	};
	rootObject = 044D15132AEB7551003A05C9 /* Project object */;
}
